// !$*UTF8*$!
{
	archiveVersion = 1;
	classes = {
	};
	objectVersion = 56;
	objects = {

/* Begin PBXBuildFile section */
		F00417992B0DCAAC003196CC /* QuestionListView.swift in Sources */ = {isa = PBXBuildFile; fileRef = F00417982B0DCAAC003196CC /* QuestionListView.swift */; };
		F004179B2B0DCDB0003196CC /* QuestionDetailView.swift in Sources */ = {isa = PBXBuildFile; fileRef = F004179A2B0DCDB0003196CC /* QuestionDetailView.swift */; };
		F016AA622B034E5B00796760 /* RequestService.swift in Sources */ = {isa = PBXBuildFile; fileRef = F016AA612B034E5B00796760 /* RequestService.swift */; };
		F03468322B32B7A600AFE60D /* MemoryUserInfoRepository.swift in Sources */ = {isa = PBXBuildFile; fileRef = F03468312B32B7A600AFE60D /* MemoryUserInfoRepository.swift */; };
		F047DE762AF37CE600842C53 /* MongoDBQuestionsApp.swift in Sources */ = {isa = PBXBuildFile; fileRef = F047DE752AF37CE600842C53 /* MongoDBQuestionsApp.swift */; };
		F047DE782AF37CE600842C53 /* ContentView.swift in Sources */ = {isa = PBXBuildFile; fileRef = F047DE772AF37CE600842C53 /* ContentView.swift */; };
		F047DE7A2AF37CE700842C53 /* Assets.xcassets in Resources */ = {isa = PBXBuildFile; fileRef = F047DE792AF37CE700842C53 /* Assets.xcassets */; };
		F047DE7D2AF37CE700842C53 /* Preview Assets.xcassets in Resources */ = {isa = PBXBuildFile; fileRef = F047DE7C2AF37CE700842C53 /* Preview Assets.xcassets */; };
		F047DE872AF37CE700842C53 /* MongoDBQuestionsTests.swift in Sources */ = {isa = PBXBuildFile; fileRef = F047DE862AF37CE700842C53 /* MongoDBQuestionsTests.swift */; };
		F047DE912AF37CE700842C53 /* MongoDBQuestionsUITests.swift in Sources */ = {isa = PBXBuildFile; fileRef = F047DE902AF37CE700842C53 /* MongoDBQuestionsUITests.swift */; };
		F047DE932AF37CE700842C53 /* MongoDBQuestionsUITestsLaunchTests.swift in Sources */ = {isa = PBXBuildFile; fileRef = F047DE922AF37CE700842C53 /* MongoDBQuestionsUITestsLaunchTests.swift */; };
		F050CD922B285FE2008F92FE /* MultipleSelectOptionInfoComponent.swift in Sources */ = {isa = PBXBuildFile; fileRef = F050CD912B285FE2008F92FE /* MultipleSelectOptionInfoComponent.swift */; };
		F050CD942B2863FA008F92FE /* QuestionHistoryComponent.swift in Sources */ = {isa = PBXBuildFile; fileRef = F050CD932B2863FA008F92FE /* QuestionHistoryComponent.swift */; };
		F050CD962B29A1A3008F92FE /* QuestionHistoryInfo.swift in Sources */ = {isa = PBXBuildFile; fileRef = F050CD952B29A1A3008F92FE /* QuestionHistoryInfo.swift */; };
		F050CD982B29A3A4008F92FE /* RequestHistoryView.swift in Sources */ = {isa = PBXBuildFile; fileRef = F050CD972B29A3A4008F92FE /* RequestHistoryView.swift */; };
		F0602B932B15B8290037690D /* QuestionSizeSetting.swift in Sources */ = {isa = PBXBuildFile; fileRef = F0602B922B15B8290037690D /* QuestionSizeSetting.swift */; };
		F0602B952B15B8420037690D /* SettingInfo.swift in Sources */ = {isa = PBXBuildFile; fileRef = F0602B942B15B8420037690D /* SettingInfo.swift */; };
		F0602B972B15D0640037690D /* QuestionGroupRow.swift in Sources */ = {isa = PBXBuildFile; fileRef = F0602B962B15D0640037690D /* QuestionGroupRow.swift */; };
		F0602B992B15D1770037690D /* GroupInfo.swift in Sources */ = {isa = PBXBuildFile; fileRef = F0602B982B15D1770037690D /* GroupInfo.swift */; };
		F070F71D2B048E7D003E5017 /* RequestContext.swift in Sources */ = {isa = PBXBuildFile; fileRef = F070F71C2B048E7D003E5017 /* RequestContext.swift */; };
		F07A828C2B21A4960029A707 /* HistoryRow.swift in Sources */ = {isa = PBXBuildFile; fileRef = F07A828B2B21A4960029A707 /* HistoryRow.swift */; };
		F07DC4132AFA1930006DFD11 /* Request.swift in Sources */ = {isa = PBXBuildFile; fileRef = F07DC4122AFA1930006DFD11 /* Request.swift */; };
		F081DD672B1DB3780025ECC2 /* ConfirmButtonComponent.swift in Sources */ = {isa = PBXBuildFile; fileRef = F081DD662B1DB3780025ECC2 /* ConfirmButtonComponent.swift */; };
		F081DD692B1F0BCF0025ECC2 /* TitleComponent.swift in Sources */ = {isa = PBXBuildFile; fileRef = F081DD682B1F0BCF0025ECC2 /* TitleComponent.swift */; };
		F0A2C6B32B173B590010AB52 /* DescriptionComponent.swift in Sources */ = {isa = PBXBuildFile; fileRef = F0A2C6B22B173B590010AB52 /* DescriptionComponent.swift */; };
		F0A2C6B52B1872E80010AB52 /* MultipleChoiceComponent.swift in Sources */ = {isa = PBXBuildFile; fileRef = F0A2C6B42B1872E80010AB52 /* MultipleChoiceComponent.swift */; };
		F0AA24752B43E68B0033D262 /* MemoryQuestionRepository.swift in Sources */ = {isa = PBXBuildFile; fileRef = F0AA24742B43E68B0033D262 /* MemoryQuestionRepository.swift */; };
		F0B5D24F2B26E0BF0049A075 /* SelectHistoryInfo.swift in Sources */ = {isa = PBXBuildFile; fileRef = F0B5D24E2B26E0BF0049A075 /* SelectHistoryInfo.swift */; };
		F0B5D2512B26E31E0049A075 /* SelectState.swift in Sources */ = {isa = PBXBuildFile; fileRef = F0B5D2502B26E31E0049A075 /* SelectState.swift */; };
		F0C646B42AF3869200CF9695 /* Question.swift in Sources */ = {isa = PBXBuildFile; fileRef = F0C646B32AF3869200CF9695 /* Question.swift */; };
		F0C646B62AF387A500CF9695 /* QuestionOption.swift in Sources */ = {isa = PBXBuildFile; fileRef = F0C646B52AF387A500CF9695 /* QuestionOption.swift */; };
		F0F794FC2B2061C300028608 /* SettingView.swift in Sources */ = {isa = PBXBuildFile; fileRef = F0F794FB2B2061C300028608 /* SettingView.swift */; };
		F0F794FE2B2061D600028608 /* HistoryView.swift in Sources */ = {isa = PBXBuildFile; fileRef = F0F794FD2B2061D600028608 /* HistoryView.swift */; };
		F0F795002B20635B00028608 /* RequestHistoryInfo.swift in Sources */ = {isa = PBXBuildFile; fileRef = F0F794FF2B20635B00028608 /* RequestHistoryInfo.swift */; };
		F0F7F0BD2AF8D1CD003E0E8C /* UserInfo.swift in Sources */ = {isa = PBXBuildFile; fileRef = F0F7F0BC2AF8D1CD003E0E8C /* UserInfo.swift */; };
		F0F9C3352AFDFE6C00674082 /* IQuestionRepository.swift in Sources */ = {isa = PBXBuildFile; fileRef = F0F9C3342AFDFE6C00674082 /* IQuestionRepository.swift */; };
		F0F9C3372AFDFFFA00674082 /* IUserInfoRepository.swift in Sources */ = {isa = PBXBuildFile; fileRef = F0F9C3362AFDFFFA00674082 /* IUserInfoRepository.swift */; };
/* End PBXBuildFile section */

/* Begin PBXContainerItemProxy section */
		F047DE832AF37CE700842C53 /* PBXContainerItemProxy */ = {
			isa = PBXContainerItemProxy;
			containerPortal = F047DE6A2AF37CE600842C53 /* Project object */;
			proxyType = 1;
			remoteGlobalIDString = F047DE712AF37CE600842C53;
			remoteInfo = MongoDBQuestions;
		};
		F047DE8D2AF37CE700842C53 /* PBXContainerItemProxy */ = {
			isa = PBXContainerItemProxy;
			containerPortal = F047DE6A2AF37CE600842C53 /* Project object */;
			proxyType = 1;
			remoteGlobalIDString = F047DE712AF37CE600842C53;
			remoteInfo = MongoDBQuestions;
		};
/* End PBXContainerItemProxy section */

/* Begin PBXFileReference section */
		F00417982B0DCAAC003196CC /* QuestionListView.swift */ = {isa = PBXFileReference; lastKnownFileType = sourcecode.swift; path = QuestionListView.swift; sourceTree = "<group>"; };
		F004179A2B0DCDB0003196CC /* QuestionDetailView.swift */ = {isa = PBXFileReference; lastKnownFileType = sourcecode.swift; path = QuestionDetailView.swift; sourceTree = "<group>"; };
		F016AA612B034E5B00796760 /* RequestService.swift */ = {isa = PBXFileReference; lastKnownFileType = sourcecode.swift; path = RequestService.swift; sourceTree = "<group>"; };
		F03468312B32B7A600AFE60D /* MemoryUserInfoRepository.swift */ = {isa = PBXFileReference; lastKnownFileType = sourcecode.swift; path = MemoryUserInfoRepository.swift; sourceTree = "<group>"; };
		F047DE722AF37CE600842C53 /* MongoDBQuestions.app */ = {isa = PBXFileReference; explicitFileType = wrapper.application; includeInIndex = 0; path = MongoDBQuestions.app; sourceTree = BUILT_PRODUCTS_DIR; };
		F047DE752AF37CE600842C53 /* MongoDBQuestionsApp.swift */ = {isa = PBXFileReference; lastKnownFileType = sourcecode.swift; path = MongoDBQuestionsApp.swift; sourceTree = "<group>"; };
		F047DE772AF37CE600842C53 /* ContentView.swift */ = {isa = PBXFileReference; lastKnownFileType = sourcecode.swift; path = ContentView.swift; sourceTree = "<group>"; };
		F047DE792AF37CE700842C53 /* Assets.xcassets */ = {isa = PBXFileReference; lastKnownFileType = folder.assetcatalog; path = Assets.xcassets; sourceTree = "<group>"; };
		F047DE7C2AF37CE700842C53 /* Preview Assets.xcassets */ = {isa = PBXFileReference; lastKnownFileType = folder.assetcatalog; path = "Preview Assets.xcassets"; sourceTree = "<group>"; };
		F047DE822AF37CE700842C53 /* MongoDBQuestionsTests.xctest */ = {isa = PBXFileReference; explicitFileType = wrapper.cfbundle; includeInIndex = 0; path = MongoDBQuestionsTests.xctest; sourceTree = BUILT_PRODUCTS_DIR; };
		F047DE862AF37CE700842C53 /* MongoDBQuestionsTests.swift */ = {isa = PBXFileReference; lastKnownFileType = sourcecode.swift; path = MongoDBQuestionsTests.swift; sourceTree = "<group>"; };
		F047DE8C2AF37CE700842C53 /* MongoDBQuestionsUITests.xctest */ = {isa = PBXFileReference; explicitFileType = wrapper.cfbundle; includeInIndex = 0; path = MongoDBQuestionsUITests.xctest; sourceTree = BUILT_PRODUCTS_DIR; };
		F047DE902AF37CE700842C53 /* MongoDBQuestionsUITests.swift */ = {isa = PBXFileReference; lastKnownFileType = sourcecode.swift; path = MongoDBQuestionsUITests.swift; sourceTree = "<group>"; };
		F047DE922AF37CE700842C53 /* MongoDBQuestionsUITestsLaunchTests.swift */ = {isa = PBXFileReference; lastKnownFileType = sourcecode.swift; path = MongoDBQuestionsUITestsLaunchTests.swift; sourceTree = "<group>"; };
		F050CD912B285FE2008F92FE /* MultipleSelectOptionInfoComponent.swift */ = {isa = PBXFileReference; lastKnownFileType = sourcecode.swift; path = MultipleSelectOptionInfoComponent.swift; sourceTree = "<group>"; };
		F050CD932B2863FA008F92FE /* QuestionHistoryComponent.swift */ = {isa = PBXFileReference; lastKnownFileType = sourcecode.swift; path = QuestionHistoryComponent.swift; sourceTree = "<group>"; };
		F050CD952B29A1A3008F92FE /* QuestionHistoryInfo.swift */ = {isa = PBXFileReference; lastKnownFileType = sourcecode.swift; path = QuestionHistoryInfo.swift; sourceTree = "<group>"; };
		F050CD972B29A3A4008F92FE /* RequestHistoryView.swift */ = {isa = PBXFileReference; lastKnownFileType = sourcecode.swift; path = RequestHistoryView.swift; sourceTree = "<group>"; };
		F0602B922B15B8290037690D /* QuestionSizeSetting.swift */ = {isa = PBXFileReference; lastKnownFileType = sourcecode.swift; path = QuestionSizeSetting.swift; sourceTree = "<group>"; };
		F0602B942B15B8420037690D /* SettingInfo.swift */ = {isa = PBXFileReference; lastKnownFileType = sourcecode.swift; path = SettingInfo.swift; sourceTree = "<group>"; };
		F0602B962B15D0640037690D /* QuestionGroupRow.swift */ = {isa = PBXFileReference; lastKnownFileType = sourcecode.swift; path = QuestionGroupRow.swift; sourceTree = "<group>"; };
		F0602B982B15D1770037690D /* GroupInfo.swift */ = {isa = PBXFileReference; lastKnownFileType = sourcecode.swift; path = GroupInfo.swift; sourceTree = "<group>"; };
		F070F71C2B048E7D003E5017 /* RequestContext.swift */ = {isa = PBXFileReference; lastKnownFileType = sourcecode.swift; path = RequestContext.swift; sourceTree = "<group>"; };
		F07A828B2B21A4960029A707 /* HistoryRow.swift */ = {isa = PBXFileReference; lastKnownFileType = sourcecode.swift; path = HistoryRow.swift; sourceTree = "<group>"; };
		F07DC4122AFA1930006DFD11 /* Request.swift */ = {isa = PBXFileReference; lastKnownFileType = sourcecode.swift; path = Request.swift; sourceTree = "<group>"; };
		F081DD662B1DB3780025ECC2 /* ConfirmButtonComponent.swift */ = {isa = PBXFileReference; lastKnownFileType = sourcecode.swift; path = ConfirmButtonComponent.swift; sourceTree = "<group>"; };
		F081DD682B1F0BCF0025ECC2 /* TitleComponent.swift */ = {isa = PBXFileReference; lastKnownFileType = sourcecode.swift; path = TitleComponent.swift; sourceTree = "<group>"; };
		F0A2C6B22B173B590010AB52 /* DescriptionComponent.swift */ = {isa = PBXFileReference; lastKnownFileType = sourcecode.swift; path = DescriptionComponent.swift; sourceTree = "<group>"; };
		F0A2C6B42B1872E80010AB52 /* MultipleChoiceComponent.swift */ = {isa = PBXFileReference; lastKnownFileType = sourcecode.swift; path = MultipleChoiceComponent.swift; sourceTree = "<group>"; };
		F0AA24742B43E68B0033D262 /* MemoryQuestionRepository.swift */ = {isa = PBXFileReference; lastKnownFileType = sourcecode.swift; path = MemoryQuestionRepository.swift; sourceTree = "<group>"; };
		F0B5D24E2B26E0BF0049A075 /* SelectHistoryInfo.swift */ = {isa = PBXFileReference; lastKnownFileType = sourcecode.swift; path = SelectHistoryInfo.swift; sourceTree = "<group>"; };
		F0B5D2502B26E31E0049A075 /* SelectState.swift */ = {isa = PBXFileReference; lastKnownFileType = sourcecode.swift; path = SelectState.swift; sourceTree = "<group>"; };
		F0C646B32AF3869200CF9695 /* Question.swift */ = {isa = PBXFileReference; lastKnownFileType = sourcecode.swift; path = Question.swift; sourceTree = "<group>"; };
		F0C646B52AF387A500CF9695 /* QuestionOption.swift */ = {isa = PBXFileReference; lastKnownFileType = sourcecode.swift; path = QuestionOption.swift; sourceTree = "<group>"; };
		F0F794FB2B2061C300028608 /* SettingView.swift */ = {isa = PBXFileReference; lastKnownFileType = sourcecode.swift; path = SettingView.swift; sourceTree = "<group>"; };
		F0F794FD2B2061D600028608 /* HistoryView.swift */ = {isa = PBXFileReference; lastKnownFileType = sourcecode.swift; path = HistoryView.swift; sourceTree = "<group>"; };
		F0F794FF2B20635B00028608 /* RequestHistoryInfo.swift */ = {isa = PBXFileReference; lastKnownFileType = sourcecode.swift; path = RequestHistoryInfo.swift; sourceTree = "<group>"; };
		F0F7F0BC2AF8D1CD003E0E8C /* UserInfo.swift */ = {isa = PBXFileReference; lastKnownFileType = sourcecode.swift; path = UserInfo.swift; sourceTree = "<group>"; };
		F0F9C3342AFDFE6C00674082 /* IQuestionRepository.swift */ = {isa = PBXFileReference; lastKnownFileType = sourcecode.swift; path = IQuestionRepository.swift; sourceTree = "<group>"; };
		F0F9C3362AFDFFFA00674082 /* IUserInfoRepository.swift */ = {isa = PBXFileReference; lastKnownFileType = sourcecode.swift; path = IUserInfoRepository.swift; sourceTree = "<group>"; };
/* End PBXFileReference section */

/* Begin PBXFrameworksBuildPhase section */
		F047DE6F2AF37CE600842C53 /* Frameworks */ = {
			isa = PBXFrameworksBuildPhase;
			buildActionMask = 2147483647;
			files = (
			);
			runOnlyForDeploymentPostprocessing = 0;
		};
		F047DE7F2AF37CE700842C53 /* Frameworks */ = {
			isa = PBXFrameworksBuildPhase;
			buildActionMask = 2147483647;
			files = (
			);
			runOnlyForDeploymentPostprocessing = 0;
		};
		F047DE892AF37CE700842C53 /* Frameworks */ = {
			isa = PBXFrameworksBuildPhase;
			buildActionMask = 2147483647;
			files = (
			);
			runOnlyForDeploymentPostprocessing = 0;
		};
/* End PBXFrameworksBuildPhase section */

/* Begin PBXGroup section */
		F047DE692AF37CE600842C53 = {
			isa = PBXGroup;
			children = (
				F047DE742AF37CE600842C53 /* MongoDBQuestions */,
				F047DE852AF37CE700842C53 /* MongoDBQuestionsTests */,
				F047DE8F2AF37CE700842C53 /* MongoDBQuestionsUITests */,
				F047DE732AF37CE600842C53 /* Products */,
			);
			sourceTree = "<group>";
		};
		F047DE732AF37CE600842C53 /* Products */ = {
			isa = PBXGroup;
			children = (
				F047DE722AF37CE600842C53 /* MongoDBQuestions.app */,
				F047DE822AF37CE700842C53 /* MongoDBQuestionsTests.xctest */,
				F047DE8C2AF37CE700842C53 /* MongoDBQuestionsUITests.xctest */,
			);
			name = Products;
			sourceTree = "<group>";
		};
		F047DE742AF37CE600842C53 /* MongoDBQuestions */ = {
			isa = PBXGroup;
			children = (
				F084DD922B207E420030EDB3 /* Repositories */,
				F084DD912B207DD30030EDB3 /* Components */,
				F084DD902B207DCA0030EDB3 /* Models */,
				F047DE752AF37CE600842C53 /* MongoDBQuestionsApp.swift */,
				F047DE772AF37CE600842C53 /* ContentView.swift */,
				F047DE792AF37CE700842C53 /* Assets.xcassets */,
				F047DE7B2AF37CE700842C53 /* Preview Content */,
				F00417982B0DCAAC003196CC /* QuestionListView.swift */,
				F004179A2B0DCDB0003196CC /* QuestionDetailView.swift */,
				F0F794FB2B2061C300028608 /* SettingView.swift */,
				F0F794FD2B2061D600028608 /* HistoryView.swift */,
				F050CD972B29A3A4008F92FE /* RequestHistoryView.swift */,
			);
			path = MongoDBQuestions;
			sourceTree = "<group>";
		};
		F047DE7B2AF37CE700842C53 /* Preview Content */ = {
			isa = PBXGroup;
			children = (
				F047DE7C2AF37CE700842C53 /* Preview Assets.xcassets */,
			);
			path = "Preview Content";
			sourceTree = "<group>";
		};
		F047DE852AF37CE700842C53 /* MongoDBQuestionsTests */ = {
			isa = PBXGroup;
			children = (
				F047DE862AF37CE700842C53 /* MongoDBQuestionsTests.swift */,
			);
			path = MongoDBQuestionsTests;
			sourceTree = "<group>";
		};
		F047DE8F2AF37CE700842C53 /* MongoDBQuestionsUITests */ = {
			isa = PBXGroup;
			children = (
				F047DE902AF37CE700842C53 /* MongoDBQuestionsUITests.swift */,
				F047DE922AF37CE700842C53 /* MongoDBQuestionsUITestsLaunchTests.swift */,
			);
			path = MongoDBQuestionsUITests;
			sourceTree = "<group>";
		};
		F084DD902B207DCA0030EDB3 /* Models */ = {
			isa = PBXGroup;
			children = (
				F0602B982B15D1770037690D /* GroupInfo.swift */,
				F0C646B32AF3869200CF9695 /* Question.swift */,
				F0C646B52AF387A500CF9695 /* QuestionOption.swift */,
				F0F7F0BC2AF8D1CD003E0E8C /* UserInfo.swift */,
				F07DC4122AFA1930006DFD11 /* Request.swift */,
				F0602B942B15B8420037690D /* SettingInfo.swift */,
				F0F794FF2B20635B00028608 /* RequestHistoryInfo.swift */,
				F0B5D24E2B26E0BF0049A075 /* SelectHistoryInfo.swift */,
				F0B5D2502B26E31E0049A075 /* SelectState.swift */,
				F050CD952B29A1A3008F92FE /* QuestionHistoryInfo.swift */,
			);
			path = Models;
			sourceTree = "<group>";
		};
		F084DD912B207DD30030EDB3 /* Components */ = {
			isa = PBXGroup;
			children = (
				F050CD932B2863FA008F92FE /* QuestionHistoryComponent.swift */,
				F0602B922B15B8290037690D /* QuestionSizeSetting.swift */,
				F0602B962B15D0640037690D /* QuestionGroupRow.swift */,
				F0A2C6B22B173B590010AB52 /* DescriptionComponent.swift */,
				F0A2C6B42B1872E80010AB52 /* MultipleChoiceComponent.swift */,
				F081DD662B1DB3780025ECC2 /* ConfirmButtonComponent.swift */,
				F081DD682B1F0BCF0025ECC2 /* TitleComponent.swift */,
				F07A828B2B21A4960029A707 /* HistoryRow.swift */,
				F050CD912B285FE2008F92FE /* MultipleSelectOptionInfoComponent.swift */,
			);
			path = Components;
			sourceTree = "<group>";
		};
		F084DD922B207E420030EDB3 /* Repositories */ = {
			isa = PBXGroup;
			children = (
				F0F9C3342AFDFE6C00674082 /* IQuestionRepository.swift */,
				F0F9C3362AFDFFFA00674082 /* IUserInfoRepository.swift */,
				F016AA612B034E5B00796760 /* RequestService.swift */,
				F070F71C2B048E7D003E5017 /* RequestContext.swift */,
				F03468312B32B7A600AFE60D /* MemoryUserInfoRepository.swift */,
				F0AA24742B43E68B0033D262 /* MemoryQuestionRepository.swift */,
			);
			path = Repositories;
			sourceTree = "<group>";
		};
/* End PBXGroup section */

/* Begin PBXNativeTarget section */
		F047DE712AF37CE600842C53 /* MongoDBQuestions */ = {
			isa = PBXNativeTarget;
			buildConfigurationList = F047DE962AF37CE700842C53 /* Build configuration list for PBXNativeTarget "MongoDBQuestions" */;
			buildPhases = (
				F047DE6E2AF37CE600842C53 /* Sources */,
				F047DE6F2AF37CE600842C53 /* Frameworks */,
				F047DE702AF37CE600842C53 /* Resources */,
			);
			buildRules = (
			);
			dependencies = (
			);
			name = MongoDBQuestions;
			productName = MongoDBQuestions;
			productReference = F047DE722AF37CE600842C53 /* MongoDBQuestions.app */;
			productType = "com.apple.product-type.application";
		};
		F047DE812AF37CE700842C53 /* MongoDBQuestionsTests */ = {
			isa = PBXNativeTarget;
			buildConfigurationList = F047DE992AF37CE700842C53 /* Build configuration list for PBXNativeTarget "MongoDBQuestionsTests" */;
			buildPhases = (
				F047DE7E2AF37CE700842C53 /* Sources */,
				F047DE7F2AF37CE700842C53 /* Frameworks */,
				F047DE802AF37CE700842C53 /* Resources */,
			);
			buildRules = (
			);
			dependencies = (
				F047DE842AF37CE700842C53 /* PBXTargetDependency */,
			);
			name = MongoDBQuestionsTests;
			productName = MongoDBQuestionsTests;
			productReference = F047DE822AF37CE700842C53 /* MongoDBQuestionsTests.xctest */;
			productType = "com.apple.product-type.bundle.unit-test";
		};
		F047DE8B2AF37CE700842C53 /* MongoDBQuestionsUITests */ = {
			isa = PBXNativeTarget;
			buildConfigurationList = F047DE9C2AF37CE700842C53 /* Build configuration list for PBXNativeTarget "MongoDBQuestionsUITests" */;
			buildPhases = (
				F047DE882AF37CE700842C53 /* Sources */,
				F047DE892AF37CE700842C53 /* Frameworks */,
				F047DE8A2AF37CE700842C53 /* Resources */,
			);
			buildRules = (
			);
			dependencies = (
				F047DE8E2AF37CE700842C53 /* PBXTargetDependency */,
			);
			name = MongoDBQuestionsUITests;
			productName = MongoDBQuestionsUITests;
			productReference = F047DE8C2AF37CE700842C53 /* MongoDBQuestionsUITests.xctest */;
			productType = "com.apple.product-type.bundle.ui-testing";
		};
/* End PBXNativeTarget section */

/* Begin PBXProject section */
		F047DE6A2AF37CE600842C53 /* Project object */ = {
			isa = PBXProject;
			attributes = {
				BuildIndependentTargetsInParallel = 1;
				LastSwiftUpdateCheck = 1500;
				LastUpgradeCheck = 1500;
				TargetAttributes = {
					F047DE712AF37CE600842C53 = {
						CreatedOnToolsVersion = 15.0.1;
					};
					F047DE812AF37CE700842C53 = {
						CreatedOnToolsVersion = 15.0.1;
						TestTargetID = F047DE712AF37CE600842C53;
					};
					F047DE8B2AF37CE700842C53 = {
						CreatedOnToolsVersion = 15.0.1;
						TestTargetID = F047DE712AF37CE600842C53;
					};
				};
			};
			buildConfigurationList = F047DE6D2AF37CE600842C53 /* Build configuration list for PBXProject "MongoDBQuestions" */;
			compatibilityVersion = "Xcode 14.0";
			developmentRegion = en;
			hasScannedForEncodings = 0;
			knownRegions = (
				en,
				Base,
			);
			mainGroup = F047DE692AF37CE600842C53;
			productRefGroup = F047DE732AF37CE600842C53 /* Products */;
			projectDirPath = "";
			projectRoot = "";
			targets = (
				F047DE712AF37CE600842C53 /* MongoDBQuestions */,
				F047DE812AF37CE700842C53 /* MongoDBQuestionsTests */,
				F047DE8B2AF37CE700842C53 /* MongoDBQuestionsUITests */,
			);
		};
/* End PBXProject section */

/* Begin PBXResourcesBuildPhase section */
		F047DE702AF37CE600842C53 /* Resources */ = {
			isa = PBXResourcesBuildPhase;
			buildActionMask = 2147483647;
			files = (
				F047DE7D2AF37CE700842C53 /* Preview Assets.xcassets in Resources */,
				F047DE7A2AF37CE700842C53 /* Assets.xcassets in Resources */,
			);
			runOnlyForDeploymentPostprocessing = 0;
		};
		F047DE802AF37CE700842C53 /* Resources */ = {
			isa = PBXResourcesBuildPhase;
			buildActionMask = 2147483647;
			files = (
			);
			runOnlyForDeploymentPostprocessing = 0;
		};
		F047DE8A2AF37CE700842C53 /* Resources */ = {
			isa = PBXResourcesBuildPhase;
			buildActionMask = 2147483647;
			files = (
			);
			runOnlyForDeploymentPostprocessing = 0;
		};
/* End PBXResourcesBuildPhase section */

/* Begin PBXSourcesBuildPhase section */
		F047DE6E2AF37CE600842C53 /* Sources */ = {
			isa = PBXSourcesBuildPhase;
			buildActionMask = 2147483647;
			files = (
				F0F795002B20635B00028608 /* RequestHistoryInfo.swift in Sources */,
				F0602B952B15B8420037690D /* SettingInfo.swift in Sources */,
				F081DD692B1F0BCF0025ECC2 /* TitleComponent.swift in Sources */,
				F0B5D2512B26E31E0049A075 /* SelectState.swift in Sources */,
				F0F9C3372AFDFFFA00674082 /* IUserInfoRepository.swift in Sources */,
				F0602B972B15D0640037690D /* QuestionGroupRow.swift in Sources */,
				F050CD982B29A3A4008F92FE /* RequestHistoryView.swift in Sources */,
				F047DE782AF37CE600842C53 /* ContentView.swift in Sources */,
				F081DD672B1DB3780025ECC2 /* ConfirmButtonComponent.swift in Sources */,
				F0F794FC2B2061C300028608 /* SettingView.swift in Sources */,
				F0AA24752B43E68B0033D262 /* MemoryQuestionRepository.swift in Sources */,
				F0C646B62AF387A500CF9695 /* QuestionOption.swift in Sources */,
				F050CD962B29A1A3008F92FE /* QuestionHistoryInfo.swift in Sources */,
				F03468322B32B7A600AFE60D /* MemoryUserInfoRepository.swift in Sources */,
				F07A828C2B21A4960029A707 /* HistoryRow.swift in Sources */,
				F0602B992B15D1770037690D /* GroupInfo.swift in Sources */,
				F0602B932B15B8290037690D /* QuestionSizeSetting.swift in Sources */,
				F0C646B42AF3869200CF9695 /* Question.swift in Sources */,
				F0F9C3352AFDFE6C00674082 /* IQuestionRepository.swift in Sources */,
				F0B5D24F2B26E0BF0049A075 /* SelectHistoryInfo.swift in Sources */,
				F050CD922B285FE2008F92FE /* MultipleSelectOptionInfoComponent.swift in Sources */,
				F016AA622B034E5B00796760 /* RequestService.swift in Sources */,
				F070F71D2B048E7D003E5017 /* RequestContext.swift in Sources */,
				F004179B2B0DCDB0003196CC /* QuestionDetailView.swift in Sources */,
				F0A2C6B32B173B590010AB52 /* DescriptionComponent.swift in Sources */,
				F0F794FE2B2061D600028608 /* HistoryView.swift in Sources */,
				F0F7F0BD2AF8D1CD003E0E8C /* UserInfo.swift in Sources */,
				F0A2C6B52B1872E80010AB52 /* MultipleChoiceComponent.swift in Sources */,
				F07DC4132AFA1930006DFD11 /* Request.swift in Sources */,
				F047DE762AF37CE600842C53 /* MongoDBQuestionsApp.swift in Sources */,
				F050CD942B2863FA008F92FE /* QuestionHistoryComponent.swift in Sources */,
				F00417992B0DCAAC003196CC /* QuestionListView.swift in Sources */,
			);
			runOnlyForDeploymentPostprocessing = 0;
		};
		F047DE7E2AF37CE700842C53 /* Sources */ = {
			isa = PBXSourcesBuildPhase;
			buildActionMask = 2147483647;
			files = (
				F047DE872AF37CE700842C53 /* MongoDBQuestionsTests.swift in Sources */,
			);
			runOnlyForDeploymentPostprocessing = 0;
		};
		F047DE882AF37CE700842C53 /* Sources */ = {
			isa = PBXSourcesBuildPhase;
			buildActionMask = 2147483647;
			files = (
				F047DE912AF37CE700842C53 /* MongoDBQuestionsUITests.swift in Sources */,
				F047DE932AF37CE700842C53 /* MongoDBQuestionsUITestsLaunchTests.swift in Sources */,
			);
			runOnlyForDeploymentPostprocessing = 0;
		};
/* End PBXSourcesBuildPhase section */

/* Begin PBXTargetDependency section */
		F047DE842AF37CE700842C53 /* PBXTargetDependency */ = {
			isa = PBXTargetDependency;
			target = F047DE712AF37CE600842C53 /* MongoDBQuestions */;
			targetProxy = F047DE832AF37CE700842C53 /* PBXContainerItemProxy */;
		};
		F047DE8E2AF37CE700842C53 /* PBXTargetDependency */ = {
			isa = PBXTargetDependency;
			target = F047DE712AF37CE600842C53 /* MongoDBQuestions */;
			targetProxy = F047DE8D2AF37CE700842C53 /* PBXContainerItemProxy */;
		};
/* End PBXTargetDependency section */

/* Begin XCBuildConfiguration section */
		F047DE942AF37CE700842C53 /* Debug */ = {
			isa = XCBuildConfiguration;
			buildSettings = {
				ALWAYS_SEARCH_USER_PATHS = NO;
				ASSETCATALOG_COMPILER_GENERATE_SWIFT_ASSET_SYMBOL_EXTENSIONS = YES;
				CLANG_ANALYZER_NONNULL = YES;
				CLANG_ANALYZER_NUMBER_OBJECT_CONVERSION = YES_AGGRESSIVE;
				CLANG_CXX_LANGUAGE_STANDARD = "gnu++20";
				CLANG_ENABLE_MODULES = YES;
				CLANG_ENABLE_OBJC_ARC = YES;
				CLANG_ENABLE_OBJC_WEAK = YES;
				CLANG_WARN_BLOCK_CAPTURE_AUTORELEASING = YES;
				CLANG_WARN_BOOL_CONVERSION = YES;
				CLANG_WARN_COMMA = YES;
				CLANG_WARN_CONSTANT_CONVERSION = YES;
				CLANG_WARN_DEPRECATED_OBJC_IMPLEMENTATIONS = YES;
				CLANG_WARN_DIRECT_OBJC_ISA_USAGE = YES_ERROR;
				CLANG_WARN_DOCUMENTATION_COMMENTS = YES;
				CLANG_WARN_EMPTY_BODY = YES;
				CLANG_WARN_ENUM_CONVERSION = YES;
				CLANG_WARN_INFINITE_RECURSION = YES;
				CLANG_WARN_INT_CONVERSION = YES;
				CLANG_WARN_NON_LITERAL_NULL_CONVERSION = YES;
				CLANG_WARN_OBJC_IMPLICIT_RETAIN_SELF = YES;
				CLANG_WARN_OBJC_LITERAL_CONVERSION = YES;
				CLANG_WARN_OBJC_ROOT_CLASS = YES_ERROR;
				CLANG_WARN_QUOTED_INCLUDE_IN_FRAMEWORK_HEADER = YES;
				CLANG_WARN_RANGE_LOOP_ANALYSIS = YES;
				CLANG_WARN_STRICT_PROTOTYPES = YES;
				CLANG_WARN_SUSPICIOUS_MOVE = YES;
				CLANG_WARN_UNGUARDED_AVAILABILITY = YES_AGGRESSIVE;
				CLANG_WARN_UNREACHABLE_CODE = YES;
				CLANG_WARN__DUPLICATE_METHOD_MATCH = YES;
				COPY_PHASE_STRIP = NO;
				DEBUG_INFORMATION_FORMAT = dwarf;
				ENABLE_STRICT_OBJC_MSGSEND = YES;
				ENABLE_TESTABILITY = YES;
				ENABLE_USER_SCRIPT_SANDBOXING = YES;
				GCC_C_LANGUAGE_STANDARD = gnu17;
				GCC_DYNAMIC_NO_PIC = NO;
				GCC_NO_COMMON_BLOCKS = YES;
				GCC_OPTIMIZATION_LEVEL = 0;
				GCC_PREPROCESSOR_DEFINITIONS = (
					"DEBUG=1",
					"$(inherited)",
				);
				GCC_WARN_64_TO_32_BIT_CONVERSION = YES;
				GCC_WARN_ABOUT_RETURN_TYPE = YES_ERROR;
				GCC_WARN_UNDECLARED_SELECTOR = YES;
				GCC_WARN_UNINITIALIZED_AUTOS = YES_AGGRESSIVE;
				GCC_WARN_UNUSED_FUNCTION = YES;
				GCC_WARN_UNUSED_VARIABLE = YES;
				IPHONEOS_DEPLOYMENT_TARGET = 16.0;
				LOCALIZATION_PREFERS_STRING_CATALOGS = YES;
				MTL_ENABLE_DEBUG_INFO = INCLUDE_SOURCE;
				MTL_FAST_MATH = YES;
				ONLY_ACTIVE_ARCH = YES;
				SDKROOT = iphoneos;
				SWIFT_ACTIVE_COMPILATION_CONDITIONS = "DEBUG $(inherited)";
				SWIFT_OPTIMIZATION_LEVEL = "-Onone";
			};
			name = Debug;
		};
		F047DE952AF37CE700842C53 /* Release */ = {
			isa = XCBuildConfiguration;
			buildSettings = {
				ALWAYS_SEARCH_USER_PATHS = NO;
				ASSETCATALOG_COMPILER_GENERATE_SWIFT_ASSET_SYMBOL_EXTENSIONS = YES;
				CLANG_ANALYZER_NONNULL = YES;
				CLANG_ANALYZER_NUMBER_OBJECT_CONVERSION = YES_AGGRESSIVE;
				CLANG_CXX_LANGUAGE_STANDARD = "gnu++20";
				CLANG_ENABLE_MODULES = YES;
				CLANG_ENABLE_OBJC_ARC = YES;
				CLANG_ENABLE_OBJC_WEAK = YES;
				CLANG_WARN_BLOCK_CAPTURE_AUTORELEASING = YES;
				CLANG_WARN_BOOL_CONVERSION = YES;
				CLANG_WARN_COMMA = YES;
				CLANG_WARN_CONSTANT_CONVERSION = YES;
				CLANG_WARN_DEPRECATED_OBJC_IMPLEMENTATIONS = YES;
				CLANG_WARN_DIRECT_OBJC_ISA_USAGE = YES_ERROR;
				CLANG_WARN_DOCUMENTATION_COMMENTS = YES;
				CLANG_WARN_EMPTY_BODY = YES;
				CLANG_WARN_ENUM_CONVERSION = YES;
				CLANG_WARN_INFINITE_RECURSION = YES;
				CLANG_WARN_INT_CONVERSION = YES;
				CLANG_WARN_NON_LITERAL_NULL_CONVERSION = YES;
				CLANG_WARN_OBJC_IMPLICIT_RETAIN_SELF = YES;
				CLANG_WARN_OBJC_LITERAL_CONVERSION = YES;
				CLANG_WARN_OBJC_ROOT_CLASS = YES_ERROR;
				CLANG_WARN_QUOTED_INCLUDE_IN_FRAMEWORK_HEADER = YES;
				CLANG_WARN_RANGE_LOOP_ANALYSIS = YES;
				CLANG_WARN_STRICT_PROTOTYPES = YES;
				CLANG_WARN_SUSPICIOUS_MOVE = YES;
				CLANG_WARN_UNGUARDED_AVAILABILITY = YES_AGGRESSIVE;
				CLANG_WARN_UNREACHABLE_CODE = YES;
				CLANG_WARN__DUPLICATE_METHOD_MATCH = YES;
				COPY_PHASE_STRIP = NO;
				DEBUG_INFORMATION_FORMAT = "dwarf-with-dsym";
				ENABLE_NS_ASSERTIONS = NO;
				ENABLE_STRICT_OBJC_MSGSEND = YES;
				ENABLE_USER_SCRIPT_SANDBOXING = YES;
				GCC_C_LANGUAGE_STANDARD = gnu17;
				GCC_NO_COMMON_BLOCKS = YES;
				GCC_WARN_64_TO_32_BIT_CONVERSION = YES;
				GCC_WARN_ABOUT_RETURN_TYPE = YES_ERROR;
				GCC_WARN_UNDECLARED_SELECTOR = YES;
				GCC_WARN_UNINITIALIZED_AUTOS = YES_AGGRESSIVE;
				GCC_WARN_UNUSED_FUNCTION = YES;
				GCC_WARN_UNUSED_VARIABLE = YES;
				IPHONEOS_DEPLOYMENT_TARGET = 16.0;
				LOCALIZATION_PREFERS_STRING_CATALOGS = YES;
				MTL_ENABLE_DEBUG_INFO = NO;
				MTL_FAST_MATH = YES;
				SDKROOT = iphoneos;
				SWIFT_COMPILATION_MODE = wholemodule;
				VALIDATE_PRODUCT = YES;
			};
			name = Release;
		};
		F047DE972AF37CE700842C53 /* Debug */ = {
			isa = XCBuildConfiguration;
			buildSettings = {
				ASSETCATALOG_COMPILER_APPICON_NAME = AppIcon;
				ASSETCATALOG_COMPILER_GLOBAL_ACCENT_COLOR_NAME = AccentColor;
				CODE_SIGN_STYLE = Automatic;
				CURRENT_PROJECT_VERSION = 1;
				DEVELOPMENT_ASSET_PATHS = "\"MongoDBQuestions/Preview Content\"";
				ENABLE_PREVIEWS = YES;
				GENERATE_INFOPLIST_FILE = YES;
				INFOPLIST_KEY_UIApplicationSceneManifest_Generation = YES;
				INFOPLIST_KEY_UIApplicationSupportsIndirectInputEvents = YES;
				INFOPLIST_KEY_UILaunchScreen_Generation = YES;
				INFOPLIST_KEY_UIStatusBarStyle = UIStatusBarStyleDefault;
				INFOPLIST_KEY_UISupportedInterfaceOrientations = UIInterfaceOrientationPortrait;
				LD_RUNPATH_SEARCH_PATHS = (
					"$(inherited)",
					"@executable_path/Frameworks",
				);
				MARKETING_VERSION = 1.0;
				PRODUCT_BUNDLE_IDENTIFIER = com.example.di.MongoDBQuestions;
				PRODUCT_NAME = "$(TARGET_NAME)";
				SWIFT_EMIT_LOC_STRINGS = YES;
				SWIFT_VERSION = 5.0;
				TARGETED_DEVICE_FAMILY = "1,2";
			};
			name = Debug;
		};
		F047DE982AF37CE700842C53 /* Release */ = {
			isa = XCBuildConfiguration;
			buildSettings = {
				ASSETCATALOG_COMPILER_APPICON_NAME = AppIcon;
				ASSETCATALOG_COMPILER_GLOBAL_ACCENT_COLOR_NAME = AccentColor;
				CODE_SIGN_STYLE = Automatic;
				CURRENT_PROJECT_VERSION = 1;
				DEVELOPMENT_ASSET_PATHS = "\"MongoDBQuestions/Preview Content\"";
				ENABLE_PREVIEWS = YES;
				GENERATE_INFOPLIST_FILE = YES;
				INFOPLIST_KEY_UIApplicationSceneManifest_Generation = YES;
				INFOPLIST_KEY_UIApplicationSupportsIndirectInputEvents = YES;
				INFOPLIST_KEY_UILaunchScreen_Generation = YES;
				INFOPLIST_KEY_UIStatusBarStyle = UIStatusBarStyleDefault;
				INFOPLIST_KEY_UISupportedInterfaceOrientations = UIInterfaceOrientationPortrait;
				LD_RUNPATH_SEARCH_PATHS = (
					"$(inherited)",
					"@executable_path/Frameworks",
				);
				MARKETING_VERSION = 1.0;
				PRODUCT_BUNDLE_IDENTIFIER = com.example.di.MongoDBQuestions;
				PRODUCT_NAME = "$(TARGET_NAME)";
				SWIFT_EMIT_LOC_STRINGS = YES;
				SWIFT_VERSION = 5.0;
				TARGETED_DEVICE_FAMILY = "1,2";
			};
			name = Release;
		};
		F047DE9A2AF37CE700842C53 /* Debug */ = {
			isa = XCBuildConfiguration;
			buildSettings = {
				ALWAYS_EMBED_SWIFT_STANDARD_LIBRARIES = YES;
				BUNDLE_LOADER = "$(TEST_HOST)";
				CODE_SIGN_STYLE = Automatic;
				CURRENT_PROJECT_VERSION = 1;
				GENERATE_INFOPLIST_FILE = YES;
				IPHONEOS_DEPLOYMENT_TARGET = 17.0;
				MARKETING_VERSION = 1.0;
				PRODUCT_BUNDLE_IDENTIFIER = com.example.di.MongoDBQuestionsTests;
				PRODUCT_NAME = "$(TARGET_NAME)";
				SWIFT_EMIT_LOC_STRINGS = NO;
				SWIFT_VERSION = 5.0;
				TARGETED_DEVICE_FAMILY = "1,2";
				TEST_HOST = "$(BUILT_PRODUCTS_DIR)/MongoDBQuestions.app/$(BUNDLE_EXECUTABLE_FOLDER_PATH)/MongoDBQuestions";
			};
			name = Debug;
		};
		F047DE9B2AF37CE700842C53 /* Release */ = {
			isa = XCBuildConfiguration;
			buildSettings = {
				ALWAYS_EMBED_SWIFT_STANDARD_LIBRARIES = YES;
				BUNDLE_LOADER = "$(TEST_HOST)";
				CODE_SIGN_STYLE = Automatic;
				CURRENT_PROJECT_VERSION = 1;
				GENERATE_INFOPLIST_FILE = YES;
				IPHONEOS_DEPLOYMENT_TARGET = 17.0;
				MARKETING_VERSION = 1.0;
				PRODUCT_BUNDLE_IDENTIFIER = com.example.di.MongoDBQuestionsTests;
				PRODUCT_NAME = "$(TARGET_NAME)";
				SWIFT_EMIT_LOC_STRINGS = NO;
				SWIFT_VERSION = 5.0;
				TARGETED_DEVICE_FAMILY = "1,2";
				TEST_HOST = "$(BUILT_PRODUCTS_DIR)/MongoDBQuestions.app/$(BUNDLE_EXECUTABLE_FOLDER_PATH)/MongoDBQuestions";
			};
			name = Release;
		};
		F047DE9D2AF37CE700842C53 /* Debug */ = {
			isa = XCBuildConfiguration;
			buildSettings = {
				ALWAYS_EMBED_SWIFT_STANDARD_LIBRARIES = YES;
				CODE_SIGN_STYLE = Automatic;
				CURRENT_PROJECT_VERSION = 1;
				GENERATE_INFOPLIST_FILE = YES;
				MARKETING_VERSION = 1.0;
				PRODUCT_BUNDLE_IDENTIFIER = com.example.di.MongoDBQuestionsUITests;
				PRODUCT_NAME = "$(TARGET_NAME)";
				SWIFT_EMIT_LOC_STRINGS = NO;
				SWIFT_VERSION = 5.0;
				TARGETED_DEVICE_FAMILY = "1,2";
				TEST_TARGET_NAME = MongoDBQuestions;
			};
			name = Debug;
		};
		F047DE9E2AF37CE700842C53 /* Release */ = {
			isa = XCBuildConfiguration;
			buildSettings = {
				ALWAYS_EMBED_SWIFT_STANDARD_LIBRARIES = YES;
				CODE_SIGN_STYLE = Automatic;
				CURRENT_PROJECT_VERSION = 1;
				GENERATE_INFOPLIST_FILE = YES;
				MARKETING_VERSION = 1.0;
				PRODUCT_BUNDLE_IDENTIFIER = com.example.di.MongoDBQuestionsUITests;
				PRODUCT_NAME = "$(TARGET_NAME)";
				SWIFT_EMIT_LOC_STRINGS = NO;
				SWIFT_VERSION = 5.0;
				TARGETED_DEVICE_FAMILY = "1,2";
				TEST_TARGET_NAME = MongoDBQuestions;
			};
			name = Release;
		};
/* End XCBuildConfiguration section */

/* Begin XCConfigurationList section */
		F047DE6D2AF37CE600842C53 /* Build configuration list for PBXProject "MongoDBQuestions" */ = {
			isa = XCConfigurationList;
			buildConfigurations = (
				F047DE942AF37CE700842C53 /* Debug */,
				F047DE952AF37CE700842C53 /* Release */,
			);
			defaultConfigurationIsVisible = 0;
			defaultConfigurationName = Release;
		};
		F047DE962AF37CE700842C53 /* Build configuration list for PBXNativeTarget "MongoDBQuestions" */ = {
			isa = XCConfigurationList;
			buildConfigurations = (
				F047DE972AF37CE700842C53 /* Debug */,
				F047DE982AF37CE700842C53 /* Release */,
			);
			defaultConfigurationIsVisible = 0;
			defaultConfigurationName = Release;
		};
		F047DE992AF37CE700842C53 /* Build configuration list for PBXNativeTarget "MongoDBQuestionsTests" */ = {
			isa = XCConfigurationList;
			buildConfigurations = (
				F047DE9A2AF37CE700842C53 /* Debug */,
				F047DE9B2AF37CE700842C53 /* Release */,
			);
			defaultConfigurationIsVisible = 0;
			defaultConfigurationName = Release;
		};
		F047DE9C2AF37CE700842C53 /* Build configuration list for PBXNativeTarget "MongoDBQuestionsUITests" */ = {
			isa = XCConfigurationList;
			buildConfigurations = (
				F047DE9D2AF37CE700842C53 /* Debug */,
				F047DE9E2AF37CE700842C53 /* Release */,
			);
			defaultConfigurationIsVisible = 0;
			defaultConfigurationName = Release;
		};
/* End XCConfigurationList section */
	};
	rootObject = F047DE6A2AF37CE600842C53 /* Project object */;
}
